
Microsoft Visual Studio Solution File, Format Version 12.00
# Visual Studio 15
VisualStudioVersion = 15.0.28307.960
MinimumVisualStudioVersion = 10.0.40219.1
Project("{FAE04EC0-301F-11D3-BF4B-00C04F79EFBC}") = "PetClinic-Dbup", "PetClinic-Dbup\PetClinic-Dbup.csproj", "{0AEC8E3F-2764-4AE2-86F1-ADF2061A9262}"
EndProject
Global
	GlobalSection(SolutionConfigurationPlatforms) = preSolution
		Debug|Any CPU = Debug|Any CPU
		Release|Any CPU = Release|Any CPU
	EndGlobalSection
	GlobalSection(ProjectConfigurationPlatforms) = postSolution
		{0AEC8E3F-2764-4AE2-86F1-ADF2061A9262}.Debug|Any CPU.ActiveCfg = Debug|Any CPU
		{0AEC8E3F-2764-4AE2-86F1-ADF2061A9262}.Debug|Any CPU.Build.0 = Debug|Any CPU
		{0AEC8E3F-2764-4AE2-86F1-ADF2061A9262}.Release|Any CPU.ActiveCfg = Release|Any CPU
		{0AEC8E3F-2764-4AE2-86F1-ADF2061A9262}.Release|Any CPU.Build.0 = Release|Any CPU
	EndGlobalSection
	GlobalSection(SolutionProperties) = preSolution
		HideSolutionNode = FALSE
	EndGlobalSection
	GlobalSection(ExtensibilityGlobals) = postSolution
		SolutionGuid = {17F69345-8959-4CB5-B1EC-29A94AE67F80}
	EndGlobalSection
EndGlobal
